// !$*UTF8*$!
{
	archiveVersion = 1;
	classes = {
	};
	objectVersion = 46;
	objects = {

/* Begin PBXBuildFile section */
		CC4879A91C91A8A50001EB25 /* AppDelegate.swift in Sources */ = {isa = PBXBuildFile; fileRef = CC4879A81C91A8A50001EB25 /* AppDelegate.swift */; };
		CC4879AB1C91A8A50001EB25 /* MasterViewController.swift in Sources */ = {isa = PBXBuildFile; fileRef = CC4879AA1C91A8A50001EB25 /* MasterViewController.swift */; };
		CC4879AD1C91A8A50001EB25 /* DetailViewController.swift in Sources */ = {isa = PBXBuildFile; fileRef = CC4879AC1C91A8A50001EB25 /* DetailViewController.swift */; };
		CC4879B01C91A8A50001EB25 /* Main.storyboard in Resources */ = {isa = PBXBuildFile; fileRef = CC4879AE1C91A8A50001EB25 /* Main.storyboard */; };
		CC4879B21C91A8A50001EB25 /* Assets.xcassets in Resources */ = {isa = PBXBuildFile; fileRef = CC4879B11C91A8A50001EB25 /* Assets.xcassets */; };
		CC4879B51C91A8A50001EB25 /* LaunchScreen.storyboard in Resources */ = {isa = PBXBuildFile; fileRef = CC4879B31C91A8A50001EB25 /* LaunchScreen.storyboard */; };
		CC4879BD1C91A8FC0001EB25 /* TodoManager.swift in Sources */ = {isa = PBXBuildFile; fileRef = CC4879BC1C91A8FC0001EB25 /* TodoManager.swift */; };
		CC4879BF1C91A9080001EB25 /* TodoList.swift in Sources */ = {isa = PBXBuildFile; fileRef = CC4879BE1C91A9080001EB25 /* TodoList.swift */; };
		CC4879C11C91A90F0001EB25 /* TodoItem.swift in Sources */ = {isa = PBXBuildFile; fileRef = CC4879C01C91A90F0001EB25 /* TodoItem.swift */; };
		CC4879C41C91E3150001EB25 /* TodoCell.swift in Sources */ = {isa = PBXBuildFile; fileRef = CC4879C31C91E3150001EB25 /* TodoCell.swift */; };
		CC4879DB1C92FA340001EB25 /* IQNSArray+Sort.swift in Sources */ = {isa = PBXBuildFile; fileRef = CC4879C71C92FA340001EB25 /* IQNSArray+Sort.swift */; };
		CC4879DC1C92FA340001EB25 /* IQUIScrollView+Additions.swift in Sources */ = {isa = PBXBuildFile; fileRef = CC4879C81C92FA340001EB25 /* IQUIScrollView+Additions.swift */; };
		CC4879DD1C92FA340001EB25 /* IQUITextFieldView+Additions.swift in Sources */ = {isa = PBXBuildFile; fileRef = CC4879C91C92FA340001EB25 /* IQUITextFieldView+Additions.swift */; };
		CC4879DE1C92FA340001EB25 /* IQUIView+Hierarchy.swift in Sources */ = {isa = PBXBuildFile; fileRef = CC4879CA1C92FA340001EB25 /* IQUIView+Hierarchy.swift */; };
		CC4879DF1C92FA340001EB25 /* IQUIViewController+Additions.swift in Sources */ = {isa = PBXBuildFile; fileRef = CC4879CB1C92FA340001EB25 /* IQUIViewController+Additions.swift */; };
		CC4879E01C92FA340001EB25 /* IQUIWindow+Hierarchy.swift in Sources */ = {isa = PBXBuildFile; fileRef = CC4879CC1C92FA340001EB25 /* IQUIWindow+Hierarchy.swift */; };
		CC4879E11C92FA340001EB25 /* IQKeyboardManagerConstants.swift in Sources */ = {isa = PBXBuildFile; fileRef = CC4879CE1C92FA340001EB25 /* IQKeyboardManagerConstants.swift */; };
		CC4879E21C92FA340001EB25 /* IQKeyboardManagerConstantsInternal.swift in Sources */ = {isa = PBXBuildFile; fileRef = CC4879CF1C92FA340001EB25 /* IQKeyboardManagerConstantsInternal.swift */; };
		CC4879E31C92FA340001EB25 /* IQKeyboardManager.swift in Sources */ = {isa = PBXBuildFile; fileRef = CC4879D01C92FA340001EB25 /* IQKeyboardManager.swift */; };
		CC4879E41C92FA340001EB25 /* IQKeyboardReturnKeyHandler.swift in Sources */ = {isa = PBXBuildFile; fileRef = CC4879D11C92FA340001EB25 /* IQKeyboardReturnKeyHandler.swift */; };
		CC4879E51C92FA340001EB25 /* IQTextView.swift in Sources */ = {isa = PBXBuildFile; fileRef = CC4879D31C92FA340001EB25 /* IQTextView.swift */; };
		CC4879E61C92FA340001EB25 /* IQBarButtonItem.swift in Sources */ = {isa = PBXBuildFile; fileRef = CC4879D51C92FA340001EB25 /* IQBarButtonItem.swift */; };
		CC4879E71C92FA340001EB25 /* IQTitleBarButtonItem.swift in Sources */ = {isa = PBXBuildFile; fileRef = CC4879D61C92FA340001EB25 /* IQTitleBarButtonItem.swift */; };
		CC4879E81C92FA340001EB25 /* IQToolbar.swift in Sources */ = {isa = PBXBuildFile; fileRef = CC4879D71C92FA340001EB25 /* IQToolbar.swift */; };
		CC4879E91C92FA340001EB25 /* IQUIView+IQKeyboardToolbar.swift in Sources */ = {isa = PBXBuildFile; fileRef = CC4879D81C92FA340001EB25 /* IQUIView+IQKeyboardToolbar.swift */; };
		CC4879EA1C92FA340001EB25 /* IQKeyboardManager.bundle in Resources */ = {isa = PBXBuildFile; fileRef = CC4879DA1C92FA340001EB25 /* IQKeyboardManager.bundle */; };
/* End PBXBuildFile section */

/* Begin PBXFileReference section */
		CC4879A51C91A8A50001EB25 /* Doables.app */ = {isa = PBXFileReference; explicitFileType = wrapper.application; includeInIndex = 0; path = Doables.app; sourceTree = BUILT_PRODUCTS_DIR; };
		CC4879A81C91A8A50001EB25 /* AppDelegate.swift */ = {isa = PBXFileReference; lastKnownFileType = sourcecode.swift; path = AppDelegate.swift; sourceTree = "<group>"; };
		CC4879AA1C91A8A50001EB25 /* MasterViewController.swift */ = {isa = PBXFileReference; lastKnownFileType = sourcecode.swift; path = MasterViewController.swift; sourceTree = "<group>"; };
		CC4879AC1C91A8A50001EB25 /* DetailViewController.swift */ = {isa = PBXFileReference; lastKnownFileType = sourcecode.swift; path = DetailViewController.swift; sourceTree = "<group>"; };
		CC4879AF1C91A8A50001EB25 /* Base */ = {isa = PBXFileReference; lastKnownFileType = file.storyboard; name = Base; path = Base.lproj/Main.storyboard; sourceTree = "<group>"; };
		CC4879B11C91A8A50001EB25 /* Assets.xcassets */ = {isa = PBXFileReference; lastKnownFileType = folder.assetcatalog; path = Assets.xcassets; sourceTree = "<group>"; };
		CC4879B41C91A8A50001EB25 /* Base */ = {isa = PBXFileReference; lastKnownFileType = file.storyboard; name = Base; path = Base.lproj/LaunchScreen.storyboard; sourceTree = "<group>"; };
		CC4879B61C91A8A50001EB25 /* Info.plist */ = {isa = PBXFileReference; lastKnownFileType = text.plist.xml; path = Info.plist; sourceTree = "<group>"; };
		CC4879BC1C91A8FC0001EB25 /* TodoManager.swift */ = {isa = PBXFileReference; fileEncoding = 4; lastKnownFileType = sourcecode.swift; name = TodoManager.swift; path = ../TodoManager.swift; sourceTree = "<group>"; };
		CC4879BE1C91A9080001EB25 /* TodoList.swift */ = {isa = PBXFileReference; fileEncoding = 4; lastKnownFileType = sourcecode.swift; path = TodoList.swift; sourceTree = "<group>"; };
		CC4879C01C91A90F0001EB25 /* TodoItem.swift */ = {isa = PBXFileReference; fileEncoding = 4; lastKnownFileType = sourcecode.swift; path = TodoItem.swift; sourceTree = "<group>"; };
		CC4879C31C91E3150001EB25 /* TodoCell.swift */ = {isa = PBXFileReference; fileEncoding = 4; lastKnownFileType = sourcecode.swift; path = TodoCell.swift; sourceTree = "<group>"; };
		CC4879C71C92FA340001EB25 /* IQNSArray+Sort.swift */ = {isa = PBXFileReference; fileEncoding = 4; lastKnownFileType = sourcecode.swift; path = "IQNSArray+Sort.swift"; sourceTree = "<group>"; };
		CC4879C81C92FA340001EB25 /* IQUIScrollView+Additions.swift */ = {isa = PBXFileReference; fileEncoding = 4; lastKnownFileType = sourcecode.swift; path = "IQUIScrollView+Additions.swift"; sourceTree = "<group>"; };
		CC4879C91C92FA340001EB25 /* IQUITextFieldView+Additions.swift */ = {isa = PBXFileReference; fileEncoding = 4; lastKnownFileType = sourcecode.swift; path = "IQUITextFieldView+Additions.swift"; sourceTree = "<group>"; };
		CC4879CA1C92FA340001EB25 /* IQUIView+Hierarchy.swift */ = {isa = PBXFileReference; fileEncoding = 4; lastKnownFileType = sourcecode.swift; path = "IQUIView+Hierarchy.swift"; sourceTree = "<group>"; };
		CC4879CB1C92FA340001EB25 /* IQUIViewController+Additions.swift */ = {isa = PBXFileReference; fileEncoding = 4; lastKnownFileType = sourcecode.swift; path = "IQUIViewController+Additions.swift"; sourceTree = "<group>"; };
		CC4879CC1C92FA340001EB25 /* IQUIWindow+Hierarchy.swift */ = {isa = PBXFileReference; fileEncoding = 4; lastKnownFileType = sourcecode.swift; path = "IQUIWindow+Hierarchy.swift"; sourceTree = "<group>"; };
		CC4879CE1C92FA340001EB25 /* IQKeyboardManagerConstants.swift */ = {isa = PBXFileReference; fileEncoding = 4; lastKnownFileType = sourcecode.swift; path = IQKeyboardManagerConstants.swift; sourceTree = "<group>"; };
		CC4879CF1C92FA340001EB25 /* IQKeyboardManagerConstantsInternal.swift */ = {isa = PBXFileReference; fileEncoding = 4; lastKnownFileType = sourcecode.swift; path = IQKeyboardManagerConstantsInternal.swift; sourceTree = "<group>"; };
		CC4879D01C92FA340001EB25 /* IQKeyboardManager.swift */ = {isa = PBXFileReference; fileEncoding = 4; lastKnownFileType = sourcecode.swift; path = IQKeyboardManager.swift; sourceTree = "<group>"; };
		CC4879D11C92FA340001EB25 /* IQKeyboardReturnKeyHandler.swift */ = {isa = PBXFileReference; fileEncoding = 4; lastKnownFileType = sourcecode.swift; path = IQKeyboardReturnKeyHandler.swift; sourceTree = "<group>"; };
		CC4879D31C92FA340001EB25 /* IQTextView.swift */ = {isa = PBXFileReference; fileEncoding = 4; lastKnownFileType = sourcecode.swift; path = IQTextView.swift; sourceTree = "<group>"; };
		CC4879D51C92FA340001EB25 /* IQBarButtonItem.swift */ = {isa = PBXFileReference; fileEncoding = 4; lastKnownFileType = sourcecode.swift; path = IQBarButtonItem.swift; sourceTree = "<group>"; };
		CC4879D61C92FA340001EB25 /* IQTitleBarButtonItem.swift */ = {isa = PBXFileReference; fileEncoding = 4; lastKnownFileType = sourcecode.swift; path = IQTitleBarButtonItem.swift; sourceTree = "<group>"; };
		CC4879D71C92FA340001EB25 /* IQToolbar.swift */ = {isa = PBXFileReference; fileEncoding = 4; lastKnownFileType = sourcecode.swift; path = IQToolbar.swift; sourceTree = "<group>"; };
		CC4879D81C92FA340001EB25 /* IQUIView+IQKeyboardToolbar.swift */ = {isa = PBXFileReference; fileEncoding = 4; lastKnownFileType = sourcecode.swift; path = "IQUIView+IQKeyboardToolbar.swift"; sourceTree = "<group>"; };
		CC4879DA1C92FA340001EB25 /* IQKeyboardManager.bundle */ = {isa = PBXFileReference; lastKnownFileType = "wrapper.plug-in"; path = IQKeyboardManager.bundle; sourceTree = "<group>"; };
/* End PBXFileReference section */

/* Begin PBXFrameworksBuildPhase section */
		CC4879A21C91A8A50001EB25 /* Frameworks */ = {
			isa = PBXFrameworksBuildPhase;
			buildActionMask = 2147483647;
			files = (
			);
			runOnlyForDeploymentPostprocessing = 0;
		};
/* End PBXFrameworksBuildPhase section */

/* Begin PBXGroup section */
		CC48799C1C91A8A50001EB25 = {
			isa = PBXGroup;
			children = (
				CC4879C51C92FA340001EB25 /* IQKeyboardManagerSwift */,
				CC4879A71C91A8A50001EB25 /* Doables */,
				CC4879A61C91A8A50001EB25 /* Products */,
			);
			sourceTree = "<group>";
		};
		CC4879A61C91A8A50001EB25 /* Products */ = {
			isa = PBXGroup;
			children = (
				CC4879A51C91A8A50001EB25 /* Doables.app */,
			);
			name = Products;
			sourceTree = "<group>";
		};
		CC4879A71C91A8A50001EB25 /* Doables */ = {
			isa = PBXGroup;
			children = (
				CC4879BC1C91A8FC0001EB25 /* TodoManager.swift */,
				CC4879BE1C91A9080001EB25 /* TodoList.swift */,
				CC4879C01C91A90F0001EB25 /* TodoItem.swift */,
				CC4879C31C91E3150001EB25 /* TodoCell.swift */,
				CC4879A81C91A8A50001EB25 /* AppDelegate.swift */,
				CC4879AA1C91A8A50001EB25 /* MasterViewController.swift */,
				CC4879AC1C91A8A50001EB25 /* DetailViewController.swift */,
				CC4879AE1C91A8A50001EB25 /* Main.storyboard */,
				CC4879B11C91A8A50001EB25 /* Assets.xcassets */,
				CC4879B31C91A8A50001EB25 /* LaunchScreen.storyboard */,
				CC4879B61C91A8A50001EB25 /* Info.plist */,
			);
			path = Doables;
			sourceTree = "<group>";
		};
		CC4879C51C92FA340001EB25 /* IQKeyboardManagerSwift */ = {
			isa = PBXGroup;
			children = (
				CC4879C61C92FA340001EB25 /* Categories */,
				CC4879CD1C92FA340001EB25 /* Constants */,
				CC4879D01C92FA340001EB25 /* IQKeyboardManager.swift */,
				CC4879D11C92FA340001EB25 /* IQKeyboardReturnKeyHandler.swift */,
				CC4879D21C92FA340001EB25 /* IQTextView */,
				CC4879D41C92FA340001EB25 /* IQToolbar */,
				CC4879D91C92FA340001EB25 /* Resources */,
			);
			path = IQKeyboardManagerSwift;
			sourceTree = "<group>";
		};
		CC4879C61C92FA340001EB25 /* Categories */ = {
			isa = PBXGroup;
			children = (
				CC4879C71C92FA340001EB25 /* IQNSArray+Sort.swift */,
				CC4879C81C92FA340001EB25 /* IQUIScrollView+Additions.swift */,
				CC4879C91C92FA340001EB25 /* IQUITextFieldView+Additions.swift */,
				CC4879CA1C92FA340001EB25 /* IQUIView+Hierarchy.swift */,
				CC4879CB1C92FA340001EB25 /* IQUIViewController+Additions.swift */,
				CC4879CC1C92FA340001EB25 /* IQUIWindow+Hierarchy.swift */,
			);
			path = Categories;
			sourceTree = "<group>";
		};
		CC4879CD1C92FA340001EB25 /* Constants */ = {
			isa = PBXGroup;
			children = (
				CC4879CE1C92FA340001EB25 /* IQKeyboardManagerConstants.swift */,
				CC4879CF1C92FA340001EB25 /* IQKeyboardManagerConstantsInternal.swift */,
			);
			path = Constants;
			sourceTree = "<group>";
		};
		CC4879D21C92FA340001EB25 /* IQTextView */ = {
			isa = PBXGroup;
			children = (
				CC4879D31C92FA340001EB25 /* IQTextView.swift */,
			);
			path = IQTextView;
			sourceTree = "<group>";
		};
		CC4879D41C92FA340001EB25 /* IQToolbar */ = {
			isa = PBXGroup;
			children = (
				CC4879D51C92FA340001EB25 /* IQBarButtonItem.swift */,
				CC4879D61C92FA340001EB25 /* IQTitleBarButtonItem.swift */,
				CC4879D71C92FA340001EB25 /* IQToolbar.swift */,
				CC4879D81C92FA340001EB25 /* IQUIView+IQKeyboardToolbar.swift */,
			);
			path = IQToolbar;
			sourceTree = "<group>";
		};
		CC4879D91C92FA340001EB25 /* Resources */ = {
			isa = PBXGroup;
			children = (
				CC4879DA1C92FA340001EB25 /* IQKeyboardManager.bundle */,
			);
			path = Resources;
			sourceTree = "<group>";
		};
/* End PBXGroup section */

/* Begin PBXNativeTarget section */
		CC4879A41C91A8A50001EB25 /* Doables */ = {
			isa = PBXNativeTarget;
			buildConfigurationList = CC4879B91C91A8A50001EB25 /* Build configuration list for PBXNativeTarget "Doables" */;
			buildPhases = (
				CC4879A11C91A8A50001EB25 /* Sources */,
				CC4879A21C91A8A50001EB25 /* Frameworks */,
				CC4879A31C91A8A50001EB25 /* Resources */,
			);
			buildRules = (
			);
			dependencies = (
			);
			name = Doables;
			productName = Doables;
			productReference = CC4879A51C91A8A50001EB25 /* Doables.app */;
			productType = "com.apple.product-type.application";
		};
/* End PBXNativeTarget section */

/* Begin PBXProject section */
		CC48799D1C91A8A50001EB25 /* Project object */ = {
			isa = PBXProject;
			attributes = {
				LastSwiftUpdateCheck = 0720;
				LastUpgradeCheck = 0720;
				ORGANIZATIONNAME = bob;
				TargetAttributes = {
					CC4879A41C91A8A50001EB25 = {
						CreatedOnToolsVersion = 7.2;
						DevelopmentTeam = 9B4995VYB9;
					};
				};
			};
			buildConfigurationList = CC4879A01C91A8A50001EB25 /* Build configuration list for PBXProject "Doables" */;
			compatibilityVersion = "Xcode 3.2";
			developmentRegion = English;
			hasScannedForEncodings = 0;
			knownRegions = (
				en,
				Base,
			);
			mainGroup = CC48799C1C91A8A50001EB25;
			productRefGroup = CC4879A61C91A8A50001EB25 /* Products */;
			projectDirPath = "";
			projectRoot = "";
			targets = (
				CC4879A41C91A8A50001EB25 /* Doables */,
			);
		};
/* End PBXProject section */

/* Begin PBXResourcesBuildPhase section */
		CC4879A31C91A8A50001EB25 /* Resources */ = {
			isa = PBXResourcesBuildPhase;
			buildActionMask = 2147483647;
			files = (
				CC4879B51C91A8A50001EB25 /* LaunchScreen.storyboard in Resources */,
				CC4879B21C91A8A50001EB25 /* Assets.xcassets in Resources */,
				CC4879EA1C92FA340001EB25 /* IQKeyboardManager.bundle in Resources */,
				CC4879B01C91A8A50001EB25 /* Main.storyboard in Resources */,
			);
			runOnlyForDeploymentPostprocessing = 0;
		};
/* End PBXResourcesBuildPhase section */

/* Begin PBXSourcesBuildPhase section */
		CC4879A11C91A8A50001EB25 /* Sources */ = {
			isa = PBXSourcesBuildPhase;
			buildActionMask = 2147483647;
			files = (
				CC4879DE1C92FA340001EB25 /* IQUIView+Hierarchy.swift in Sources */,
				CC4879DD1C92FA340001EB25 /* IQUITextFieldView+Additions.swift in Sources */,
				CC4879BF1C91A9080001EB25 /* TodoList.swift in Sources */,
				CC4879E61C92FA340001EB25 /* IQBarButtonItem.swift in Sources */,
				CC4879AD1C91A8A50001EB25 /* DetailViewController.swift in Sources */,
				CC4879C41C91E3150001EB25 /* TodoCell.swift in Sources */,
				CC4879E21C92FA340001EB25 /* IQKeyboardManagerConstantsInternal.swift in Sources */,
				CC4879E41C92FA340001EB25 /* IQKeyboardReturnKeyHandler.swift in Sources */,
				CC4879E91C92FA340001EB25 /* IQUIView+IQKeyboardToolbar.swift in Sources */,
				CC4879E81C92FA340001EB25 /* IQToolbar.swift in Sources */,
				CC4879BD1C91A8FC0001EB25 /* TodoManager.swift in Sources */,
				CC4879E71C92FA340001EB25 /* IQTitleBarButtonItem.swift in Sources */,
				CC4879DF1C92FA340001EB25 /* IQUIViewController+Additions.swift in Sources */,
				CC4879E31C92FA340001EB25 /* IQKeyboardManager.swift in Sources */,
				CC4879DB1C92FA340001EB25 /* IQNSArray+Sort.swift in Sources */,
				CC4879E51C92FA340001EB25 /* IQTextView.swift in Sources */,
				CC4879E11C92FA340001EB25 /* IQKeyboardManagerConstants.swift in Sources */,
				CC4879AB1C91A8A50001EB25 /* MasterViewController.swift in Sources */,
				CC4879C11C91A90F0001EB25 /* TodoItem.swift in Sources */,
				CC4879E01C92FA340001EB25 /* IQUIWindow+Hierarchy.swift in Sources */,
				CC4879A91C91A8A50001EB25 /* AppDelegate.swift in Sources */,
				CC4879DC1C92FA340001EB25 /* IQUIScrollView+Additions.swift in Sources */,
			);
			runOnlyForDeploymentPostprocessing = 0;
		};
/* End PBXSourcesBuildPhase section */

/* Begin PBXVariantGroup section */
		CC4879AE1C91A8A50001EB25 /* Main.storyboard */ = {
			isa = PBXVariantGroup;
			children = (
				CC4879AF1C91A8A50001EB25 /* Base */,
			);
			name = Main.storyboard;
			sourceTree = "<group>";
		};
		CC4879B31C91A8A50001EB25 /* LaunchScreen.storyboard */ = {
			isa = PBXVariantGroup;
			children = (
				CC4879B41C91A8A50001EB25 /* Base */,
			);
			name = LaunchScreen.storyboard;
			sourceTree = "<group>";
		};
/* End PBXVariantGroup section */

/* Begin XCBuildConfiguration section */
		CC4879B71C91A8A50001EB25 /* Debug */ = {
			isa = XCBuildConfiguration;
			buildSettings = {
				ALWAYS_SEARCH_USER_PATHS = NO;
				CLANG_CXX_LANGUAGE_STANDARD = "gnu++0x";
				CLANG_CXX_LIBRARY = "libc++";
				CLANG_ENABLE_MODULES = YES;
				CLANG_ENABLE_OBJC_ARC = YES;
				CLANG_WARN_BOOL_CONVERSION = YES;
				CLANG_WARN_CONSTANT_CONVERSION = YES;
				CLANG_WARN_DIRECT_OBJC_ISA_USAGE = YES_ERROR;
				CLANG_WARN_EMPTY_BODY = YES;
				CLANG_WARN_ENUM_CONVERSION = YES;
				CLANG_WARN_INT_CONVERSION = YES;
				CLANG_WARN_OBJC_ROOT_CLASS = YES_ERROR;
				CLANG_WARN_UNREACHABLE_CODE = YES;
				CLANG_WARN__DUPLICATE_METHOD_MATCH = YES;
				"CODE_SIGN_IDENTITY[sdk=iphoneos*]" = "iPhone Developer";
				COPY_PHASE_STRIP = NO;
				DEBUG_INFORMATION_FORMAT = dwarf;
				ENABLE_STRICT_OBJC_MSGSEND = YES;
				ENABLE_TESTABILITY = YES;
				GCC_C_LANGUAGE_STANDARD = gnu99;
				GCC_DYNAMIC_NO_PIC = NO;
				GCC_NO_COMMON_BLOCKS = YES;
				GCC_OPTIMIZATION_LEVEL = 0;
				GCC_PREPROCESSOR_DEFINITIONS = (
					"DEBUG=1",
					"$(inherited)",
				);
				GCC_WARN_64_TO_32_BIT_CONVERSION = YES;
				GCC_WARN_ABOUT_RETURN_TYPE = YES_ERROR;
				GCC_WARN_UNDECLARED_SELECTOR = YES;
				GCC_WARN_UNINITIALIZED_AUTOS = YES_AGGRESSIVE;
				GCC_WARN_UNUSED_FUNCTION = YES;
				GCC_WARN_UNUSED_VARIABLE = YES;
				IPHONEOS_DEPLOYMENT_TARGET = 9.2;
				MTL_ENABLE_DEBUG_INFO = YES;
				ONLY_ACTIVE_ARCH = YES;
				SDKROOT = iphoneos;
				SWIFT_OPTIMIZATION_LEVEL = "-Onone";
				TARGETED_DEVICE_FAMILY = "1,2";
			};
			name = Debug;
		};
		CC4879B81C91A8A50001EB25 /* Release */ = {
			isa = XCBuildConfiguration;
			buildSettings = {
				ALWAYS_SEARCH_USER_PATHS = NO;
				CLANG_CXX_LANGUAGE_STANDARD = "gnu++0x";
				CLANG_CXX_LIBRARY = "libc++";
				CLANG_ENABLE_MODULES = YES;
				CLANG_ENABLE_OBJC_ARC = YES;
				CLANG_WARN_BOOL_CONVERSION = YES;
				CLANG_WARN_CONSTANT_CONVERSION = YES;
				CLANG_WARN_DIRECT_OBJC_ISA_USAGE = YES_ERROR;
				CLANG_WARN_EMPTY_BODY = YES;
				CLANG_WARN_ENUM_CONVERSION = YES;
				CLANG_WARN_INT_CONVERSION = YES;
				CLANG_WARN_OBJC_ROOT_CLASS = YES_ERROR;
				CLANG_WARN_UNREACHABLE_CODE = YES;
				CLANG_WARN__DUPLICATE_METHOD_MATCH = YES;
				"CODE_SIGN_IDENTITY[sdk=iphoneos*]" = "iPhone Developer";
				COPY_PHASE_STRIP = NO;
				DEBUG_INFORMATION_FORMAT = "dwarf-with-dsym";
				ENABLE_NS_ASSERTIONS = NO;
				ENABLE_STRICT_OBJC_MSGSEND = YES;
				GCC_C_LANGUAGE_STANDARD = gnu99;
				GCC_NO_COMMON_BLOCKS = YES;
				GCC_WARN_64_TO_32_BIT_CONVERSION = YES;
				GCC_WARN_ABOUT_RETURN_TYPE = YES_ERROR;
				GCC_WARN_UNDECLARED_SELECTOR = YES;
				GCC_WARN_UNINITIALIZED_AUTOS = YES_AGGRESSIVE;
				GCC_WARN_UNUSED_FUNCTION = YES;
				GCC_WARN_UNUSED_VARIABLE = YES;
				IPHONEOS_DEPLOYMENT_TARGET = 9.2;
				MTL_ENABLE_DEBUG_INFO = NO;
				SDKROOT = iphoneos;
				TARGETED_DEVICE_FAMILY = "1,2";
				VALIDATE_PRODUCT = YES;
			};
			name = Release;
		};
		CC4879BA1C91A8A50001EB25 /* Debug */ = {
			isa = XCBuildConfiguration;
			buildSettings = {
				ASSETCATALOG_COMPILER_APPICON_NAME = AppIcon;
				INFOPLIST_FILE = Doables/Info.plist;
				LD_RUNPATH_SEARCH_PATHS = "$(inherited) @executable_path/Frameworks";
				PRODUCT_BUNDLE_IDENTIFIER = nl.mprog.Doables;
				PRODUCT_NAME = "$(TARGET_NAME)";
			};
			name = Debug;
		};
		CC4879BB1C91A8A50001EB25 /* Release */ = {
			isa = XCBuildConfiguration;
			buildSettings = {
				ASSETCATALOG_COMPILER_APPICON_NAME = AppIcon;
				INFOPLIST_FILE = Doables/Info.plist;
				LD_RUNPATH_SEARCH_PATHS = "$(inherited) @executable_path/Frameworks";
				PRODUCT_BUNDLE_IDENTIFIER = nl.mprog.Doables;
				PRODUCT_NAME = "$(TARGET_NAME)";
			};
			name = Release;
		};
/* End XCBuildConfiguration section */

/* Begin XCConfigurationList section */
		CC4879A01C91A8A50001EB25 /* Build configuration list for PBXProject "Doables" */ = {
			isa = XCConfigurationList;
			buildConfigurations = (
				CC4879B71C91A8A50001EB25 /* Debug */,
				CC4879B81C91A8A50001EB25 /* Release */,
			);
			defaultConfigurationIsVisible = 0;
			defaultConfigurationName = Release;
		};
		CC4879B91C91A8A50001EB25 /* Build configuration list for PBXNativeTarget "Doables" */ = {
			isa = XCConfigurationList;
			buildConfigurations = (
				CC4879BA1C91A8A50001EB25 /* Debug */,
				CC4879BB1C91A8A50001EB25 /* Release */,
			);
			defaultConfigurationIsVisible = 0;
		};
/* End XCConfigurationList section */
	};
	rootObject = CC48799D1C91A8A50001EB25 /* Project object */;
}
